{
  "name": "ts-challenges",
  "version": "1.0.0",
  "lockfileVersion": 2,
  "requires": true,
  "packages": {
    "": {
      "name": "ts-challenges",
      "version": "1.0.0",
      "license": "ISC",
      "dependencies": {
        "@type-challenges/utils": "^0.1.1",
        "typescript": "^4.6.2"
      }
    },
    "node_modules/@type-challenges/utils": {
      "version": "0.1.1",
      "resolved": "https://registry.npmmirror.com/@type-challenges/utils/download/@type-challenges/utils-0.1.1.tgz",
      "integrity": "sha1-GM4on7hMrxwT7uIRIm2/K8YZXtM=",
      "license": "MIT"
    },
    "node_modules/typescript": {
      "version": "4.6.2",
      "resolved": "https://registry.npmmirror.com/typescript/-/typescript-4.6.2.tgz",
      "integrity": "sha512-HM/hFigTBHZhLXshn9sN37H085+hQGeJHJ/X7LpBWLID/fbc2acUMfU+lGD98X81sKP+pFa9f0DZmCwB9GnbAg==",
      "bin": {
        "tsc": "bin/tsc",
        "tsserver": "bin/tsserver"
      },
      "engines": {
        "node": ">=4.2.0"
      }
    }
  },
  "dependencies": {
    "@type-challenges/utils": {
      "version": "0.1.1",
      "resolved": "https://registry.npmmirror.com/@type-challenges/utils/download/@type-challenges/utils-0.1.1.tgz",
      "integrity": "sha1-GM4on7hMrxwT7uIRIm2/K8YZXtM="
    },
    "typescript": {
      "version": "4.6.2",
      "resolved": "https://registry.npmmirror.com/typescript/-/typescript-4.6.2.tgz",
      "integrity": "sha512-HM/hFigTBHZhLXshn9sN37H085+hQGeJHJ/X7LpBWLID/fbc2acUMfU+lGD98X81sKP+pFa9f0DZmCwB9GnbAg=="
    }
  }
}
